{
  "version": 4,
  "terraform_version": "1.6.3",
  "serial": 1,
  "lineage": "4b62fd82-8e52-d3c2-7fa7-d14657a80a65",
  "outputs": {},
  "resources": [
    {
      "mode": "managed",
      "type": "hcloud_server",
      "name": "web",
      "provider": "provider[\"registry.terraform.io/hetznercloud/hcloud\"]",
      "instances": [
        {
          "schema_version": 0,
          "attributes": {
            "allow_deprecated_images": false,
            "backup_window": "",
            "backups": false,
            "datacenter": "hel1-dc2",
            "delete_protection": false,
            "firewall_ids": [],
            "id": "39153135",
            "ignore_remote_firewall_ids": false,
            "image": "docker-ce",
            "ipv4_address": "65.108.244.6",
            "ipv6_address": "2a01:4f9:c010:cb5f::1",
            "ipv6_network": "2a01:4f9:c010:cb5f::/64",
            "iso": null,
            "keep_disk": true,
            "labels": null,
            "location": "hel1",
            "name": "wing-demo",
            "network": [],
            "placement_group_id": null,
            "public_net": [
              {
                "ipv4": 0,
                "ipv4_enabled": true,
                "ipv6": 0,
                "ipv6_enabled": true
              }
            ],
            "rebuild_protection": false,
            "rescue": null,
            "server_type": "ccx13",
            "shutdown_before_deletion": false,
            "ssh_keys": null,
            "status": "running",
            "timeouts": null,
            "user_data": null
          },
          "sensitive_attributes": [],
          "private": "eyJlMmJmYjczMC1lY2FhLTExZTYtOGY4OC0zNDM2M2JjN2M0YzAiOnsiY3JlYXRlIjo1NDAwMDAwMDAwMDAwfX0="
        }
      ]
    }
  ],
  "check_results": null
}
